
Microsoft Visual Studio Solution File, Format Version 12.00
# Visual Studio Version 16
VisualStudioVersion = 16.0.31129.286
MinimumVisualStudioVersion = 10.0.40219.1
Project("{00D1A9C2-B5F0-4AF3-8072-F6C62B433612}") = "POCDatabase", "POCDatabase.sqlproj", "{B9BB8778-EE14-4EF2-9976-8E36ED4BD03D}"
EndProject
Global
	GlobalSection(SolutionConfigurationPlatforms) = preSolution
		Debug|Any CPU = Debug|Any CPU
		Release|Any CPU = Release|Any CPU
	EndGlobalSection
	GlobalSection(ProjectConfigurationPlatforms) = postSolution
		{B9BB8778-EE14-4EF2-9976-8E36ED4BD03D}.Debug|Any CPU.ActiveCfg = Debug|Any CPU
		{B9BB8778-EE14-4EF2-9976-8E36ED4BD03D}.Debug|Any CPU.Build.0 = Debug|Any CPU
		{B9BB8778-EE14-4EF2-9976-8E36ED4BD03D}.Debug|Any CPU.Deploy.0 = Debug|Any CPU
		{B9BB8778-EE14-4EF2-9976-8E36ED4BD03D}.Release|Any CPU.ActiveCfg = Release|Any CPU
		{B9BB8778-EE14-4EF2-9976-8E36ED4BD03D}.Release|Any CPU.Build.0 = Release|Any CPU
		{B9BB8778-EE14-4EF2-9976-8E36ED4BD03D}.Release|Any CPU.Deploy.0 = Release|Any CPU
	EndGlobalSection
	GlobalSection(SolutionProperties) = preSolution
		HideSolutionNode = FALSE
	EndGlobalSection
	GlobalSection(ExtensibilityGlobals) = postSolution
		SolutionGuid = {EB87F729-E9FE-4155-B1DB-C49384674DAC}
	EndGlobalSection
EndGlobal
